
Microsoft Visual Studio Solution File, Format Version 12.00
# Visual Studio Version 16
VisualStudioVersion = 16.0.30114.105
MinimumVisualStudioVersion = 10.0.40219.1
Project("{FAE04EC0-301F-11D3-BF4B-00C04F79EFBC}") = "WingetRepoBrowser", "WingetRepoBrowser\WingetRepoBrowser.csproj", "{79FC0687-FB8B-4C11-A5F3-B6076A931236}"
EndProject
Project("{FAE04EC0-301F-11D3-BF4B-00C04F79EFBC}") = "WingetRepoBrowserCore", "WingetRepoBrowserCore\WingetRepoBrowserCore.csproj", "{DEF25C0F-26CD-42F3-BF53-0B36FC0EC535}"
EndProject
Global
	GlobalSection(SolutionConfigurationPlatforms) = preSolution
		Debug|Any CPU = Debug|Any CPU
		Release|Any CPU = Release|Any CPU
	EndGlobalSection
	GlobalSection(ProjectConfigurationPlatforms) = postSolution
		{79FC0687-FB8B-4C11-A5F3-B6076A931236}.Debug|Any CPU.ActiveCfg = Debug|Any CPU
		{79FC0687-FB8B-4C11-A5F3-B6076A931236}.Debug|Any CPU.Build.0 = Debug|Any CPU
		{79FC0687-FB8B-4C11-A5F3-B6076A931236}.Release|Any CPU.ActiveCfg = Release|Any CPU
		{79FC0687-FB8B-4C11-A5F3-B6076A931236}.Release|Any CPU.Build.0 = Release|Any CPU
		{DEF25C0F-26CD-42F3-BF53-0B36FC0EC535}.Debug|Any CPU.ActiveCfg = Debug|Any CPU
		{DEF25C0F-26CD-42F3-BF53-0B36FC0EC535}.Debug|Any CPU.Build.0 = Debug|Any CPU
		{DEF25C0F-26CD-42F3-BF53-0B36FC0EC535}.Release|Any CPU.ActiveCfg = Release|Any CPU
		{DEF25C0F-26CD-42F3-BF53-0B36FC0EC535}.Release|Any CPU.Build.0 = Release|Any CPU
	EndGlobalSection
	GlobalSection(SolutionProperties) = preSolution
		HideSolutionNode = FALSE
	EndGlobalSection
	GlobalSection(ExtensibilityGlobals) = postSolution
		SolutionGuid = {E1595662-5407-4B01-97F1-A780B41C814D}
	EndGlobalSection
EndGlobal
